Microsoft Visual Studio Solution File, Format Version 12.00
# Visual Studio Version 16
VisualStudioVersion = 16.0.30011.22
MinimumVisualStudioVersion = 10.0.40219.1
Project("{9A19103F-16F7-4668-BE54-9A1E7A4F7556}") = "MyContainer", "MyContainer\MyContainer.csproj", "{E125B505-E85B-488D-B06F-407B0E2C9F1E}"
EndProject
Project("{9A19103F-16F7-4668-BE54-9A1E7A4F7556}") = "SimpleContainer", "SimpleContainer\SimpleContainer.csproj", "{9473AE9F-7A87-45C2-8582-5A76C5403E68}"
EndProject
Project("{FAE04EC0-301F-11D3-BF4B-00C04F79EFBC}") = "FileProviderConcept", "FileProviderConcept\FileProviderConcept.csproj", "{6707272C-22E3-4117-9B04-7F14D209A230}"
EndProject
Global
	GlobalSection(SolutionConfigurationPlatforms) = preSolution
		Debug|Any CPU = Debug|Any CPU
		Release|Any CPU = Release|Any CPU
	EndGlobalSection
	GlobalSection(ProjectConfigurationPlatforms) = postSolution
		{E125B505-E85B-488D-B06F-407B0E2C9F1E}.Debug|Any CPU.ActiveCfg = Debug|Any CPU
		{E125B505-E85B-488D-B06F-407B0E2C9F1E}.Debug|Any CPU.Build.0 = Debug|Any CPU
		{E125B505-E85B-488D-B06F-407B0E2C9F1E}.Release|Any CPU.ActiveCfg = Release|Any CPU
		{E125B505-E85B-488D-B06F-407B0E2C9F1E}.Release|Any CPU.Build.0 = Release|Any CPU
		{9473AE9F-7A87-45C2-8582-5A76C5403E68}.Debug|Any CPU.ActiveCfg = Debug|Any CPU
		{9473AE9F-7A87-45C2-8582-5A76C5403E68}.Debug|Any CPU.Build.0 = Debug|Any CPU
		{9473AE9F-7A87-45C2-8582-5A76C5403E68}.Release|Any CPU.ActiveCfg = Release|Any CPU
		{9473AE9F-7A87-45C2-8582-5A76C5403E68}.Release|Any CPU.Build.0 = Release|Any CPU
		{6707272C-22E3-4117-9B04-7F14D209A230}.Debug|Any CPU.ActiveCfg = Debug|Any CPU
		{6707272C-22E3-4117-9B04-7F14D209A230}.Debug|Any CPU.Build.0 = Debug|Any CPU
		{6707272C-22E3-4117-9B04-7F14D209A230}.Release|Any CPU.ActiveCfg = Release|Any CPU
		{6707272C-22E3-4117-9B04-7F14D209A230}.Release|Any CPU.Build.0 = Release|Any CPU
	EndGlobalSection
	GlobalSection(SolutionProperties) = preSolution
		HideSolutionNode = FALSE
	EndGlobalSection
	GlobalSection(ExtensibilityGlobals) = postSolution
		SolutionGuid = {387DC718-41BD-4EEE-9F17-B9A022507216}
	EndGlobalSection
EndGlobal
